
Microsoft Visual Studio Solution File, Format Version 12.00
# Visual Studio Version 17
VisualStudioVersion = 17.7.34221.43
MinimumVisualStudioVersion = 10.0.40219.1
Project("{FAE04EC0-301F-11D3-BF4B-00C04F79EFBC}") = "ProjectDevOps", "ProjectDevOps\ProjectDevOps.csproj", "{65B1FFA8-E771-4CA1-94F4-DBD3AFEF341D}"
EndProject
Global
	GlobalSection(SolutionConfigurationPlatforms) = preSolution
		Debug|Any CPU = Debug|Any CPU
		Release|Any CPU = Release|Any CPU
	EndGlobalSection
	GlobalSection(ProjectConfigurationPlatforms) = postSolution
		{65B1FFA8-E771-4CA1-94F4-DBD3AFEF341D}.Debug|Any CPU.ActiveCfg = Debug|Any CPU
		{65B1FFA8-E771-4CA1-94F4-DBD3AFEF341D}.Debug|Any CPU.Build.0 = Debug|Any CPU
		{65B1FFA8-E771-4CA1-94F4-DBD3AFEF341D}.Release|Any CPU.ActiveCfg = Release|Any CPU
		{65B1FFA8-E771-4CA1-94F4-DBD3AFEF341D}.Release|Any CPU.Build.0 = Release|Any CPU
	EndGlobalSection
	GlobalSection(SolutionProperties) = preSolution
		HideSolutionNode = FALSE
	EndGlobalSection
	GlobalSection(ExtensibilityGlobals) = postSolution
		SolutionGuid = {E073DFDA-076B-4F68-9C76-99582A1587CE}
	EndGlobalSection
EndGlobal
